// !$*UTF8*$!
{
	archiveVersion = 1;
	classes = {
	};
	objectVersion = 52;
	objects = {

/* Begin PBXBuildFile section */
		87FFB3073C2587831D22EBB3 /* Pods_SignApp.framework in Frameworks */ = {isa = PBXBuildFile; fileRef = DCBBE406121AAF3D253DD988 /* Pods_SignApp.framework */; };
		CE8F3D88266A4CAF00CC72A8 /* SignAppApp.swift in Sources */ = {isa = PBXBuildFile; fileRef = CE8F3D87266A4CAF00CC72A8 /* SignAppApp.swift */; };
		CE8F3D8A266A4CAF00CC72A8 /* SingInView.swift in Sources */ = {isa = PBXBuildFile; fileRef = CE8F3D89266A4CAF00CC72A8 /* SingInView.swift */; };
		CE8F3D8C266A4CB000CC72A8 /* Assets.xcassets in Resources */ = {isa = PBXBuildFile; fileRef = CE8F3D8B266A4CB000CC72A8 /* Assets.xcassets */; };
		CE8F3D8F266A4CB000CC72A8 /* Preview Assets.xcassets in Resources */ = {isa = PBXBuildFile; fileRef = CE8F3D8E266A4CB000CC72A8 /* Preview Assets.xcassets */; };
		CE8F3D9F266B65A000CC72A8 /* SwiftyJSON in Frameworks */ = {isa = PBXBuildFile; productRef = CE8F3D9E266B65A000CC72A8 /* SwiftyJSON */; };
		CE8F3DAB266B8FF600CC72A8 /* UserObject.swift in Sources */ = {isa = PBXBuildFile; fileRef = CE8F3DAA266B8FF600CC72A8 /* UserObject.swift */; };
		CE8F3DAE266B9C5200CC72A8 /* Launch Screen.storyboard in Resources */ = {isa = PBXBuildFile; fileRef = CE8F3DAD266B9C5200CC72A8 /* Launch Screen.storyboard */; };
		CE8F3DB1266BA0B900CC72A8 /* RootView.swift in Sources */ = {isa = PBXBuildFile; fileRef = CE8F3DB0266BA0B900CC72A8 /* RootView.swift */; };
		CE8F3DB5266BA41300CC72A8 /* MainView.swift in Sources */ = {isa = PBXBuildFile; fileRef = CE8F3DB4266BA41300CC72A8 /* MainView.swift */; };
		CE8F3DB9266BACBF00CC72A8 /* HomeView.swift in Sources */ = {isa = PBXBuildFile; fileRef = CE8F3DB8266BACBF00CC72A8 /* HomeView.swift */; };
/* End PBXBuildFile section */

/* Begin PBXFileReference section */
		84E57F71721BF8F27A201132 /* Pods-SignApp.debug.xcconfig */ = {isa = PBXFileReference; includeInIndex = 1; lastKnownFileType = text.xcconfig; name = "Pods-SignApp.debug.xcconfig"; path = "Target Support Files/Pods-SignApp/Pods-SignApp.debug.xcconfig"; sourceTree = "<group>"; };
		A8A4A0AE90B07A80FD937C8A /* Pods-SignApp.release.xcconfig */ = {isa = PBXFileReference; includeInIndex = 1; lastKnownFileType = text.xcconfig; name = "Pods-SignApp.release.xcconfig"; path = "Target Support Files/Pods-SignApp/Pods-SignApp.release.xcconfig"; sourceTree = "<group>"; };
		CE8F3D84266A4CAF00CC72A8 /* SignApp.app */ = {isa = PBXFileReference; explicitFileType = wrapper.application; includeInIndex = 0; path = SignApp.app; sourceTree = BUILT_PRODUCTS_DIR; };
		CE8F3D87266A4CAF00CC72A8 /* SignAppApp.swift */ = {isa = PBXFileReference; lastKnownFileType = sourcecode.swift; path = SignAppApp.swift; sourceTree = "<group>"; };
		CE8F3D89266A4CAF00CC72A8 /* SingInView.swift */ = {isa = PBXFileReference; lastKnownFileType = sourcecode.swift; path = SingInView.swift; sourceTree = "<group>"; };
		CE8F3D8B266A4CB000CC72A8 /* Assets.xcassets */ = {isa = PBXFileReference; lastKnownFileType = folder.assetcatalog; path = Assets.xcassets; sourceTree = "<group>"; };
		CE8F3D8E266A4CB000CC72A8 /* Preview Assets.xcassets */ = {isa = PBXFileReference; lastKnownFileType = folder.assetcatalog; path = "Preview Assets.xcassets"; sourceTree = "<group>"; };
		CE8F3D90266A4CB000CC72A8 /* Info.plist */ = {isa = PBXFileReference; lastKnownFileType = text.plist.xml; path = Info.plist; sourceTree = "<group>"; };
		CE8F3DAA266B8FF600CC72A8 /* UserObject.swift */ = {isa = PBXFileReference; lastKnownFileType = sourcecode.swift; path = UserObject.swift; sourceTree = "<group>"; };
		CE8F3DAD266B9C5200CC72A8 /* Launch Screen.storyboard */ = {isa = PBXFileReference; lastKnownFileType = file.storyboard; path = "Launch Screen.storyboard"; sourceTree = "<group>"; };
		CE8F3DB0266BA0B900CC72A8 /* RootView.swift */ = {isa = PBXFileReference; lastKnownFileType = sourcecode.swift; path = RootView.swift; sourceTree = "<group>"; };
		CE8F3DB4266BA41300CC72A8 /* MainView.swift */ = {isa = PBXFileReference; lastKnownFileType = sourcecode.swift; path = MainView.swift; sourceTree = "<group>"; };
		CE8F3DB8266BACBF00CC72A8 /* HomeView.swift */ = {isa = PBXFileReference; lastKnownFileType = sourcecode.swift; path = HomeView.swift; sourceTree = "<group>"; };
		DCBBE406121AAF3D253DD988 /* Pods_SignApp.framework */ = {isa = PBXFileReference; explicitFileType = wrapper.framework; includeInIndex = 0; path = Pods_SignApp.framework; sourceTree = BUILT_PRODUCTS_DIR; };
/* End PBXFileReference section */

/* Begin PBXFrameworksBuildPhase section */
		CE8F3D81266A4CAF00CC72A8 /* Frameworks */ = {
			isa = PBXFrameworksBuildPhase;
			buildActionMask = 2147483647;
			files = (
				CE8F3D9F266B65A000CC72A8 /* SwiftyJSON in Frameworks */,
				87FFB3073C2587831D22EBB3 /* Pods_SignApp.framework in Frameworks */,
			);
			runOnlyForDeploymentPostprocessing = 0;
		};
/* End PBXFrameworksBuildPhase section */

/* Begin PBXGroup section */
		86BBEC92EEA49C31D28B4993 /* Pods */ = {
			isa = PBXGroup;
			children = (
				84E57F71721BF8F27A201132 /* Pods-SignApp.debug.xcconfig */,
				A8A4A0AE90B07A80FD937C8A /* Pods-SignApp.release.xcconfig */,
			);
			path = Pods;
			sourceTree = "<group>";
		};
		A8ABAC932A0066FBECD6B7A9 /* Frameworks */ = {
			isa = PBXGroup;
			children = (
				DCBBE406121AAF3D253DD988 /* Pods_SignApp.framework */,
			);
			name = Frameworks;
			sourceTree = "<group>";
		};
		CE8F3D7B266A4CAF00CC72A8 = {
			isa = PBXGroup;
			children = (
				CE8F3D86266A4CAF00CC72A8 /* SignApp */,
				CE8F3D85266A4CAF00CC72A8 /* Products */,
				86BBEC92EEA49C31D28B4993 /* Pods */,
				A8ABAC932A0066FBECD6B7A9 /* Frameworks */,
			);
			sourceTree = "<group>";
		};
		CE8F3D85266A4CAF00CC72A8 /* Products */ = {
			isa = PBXGroup;
			children = (
				CE8F3D84266A4CAF00CC72A8 /* SignApp.app */,
			);
			name = Products;
			sourceTree = "<group>";
		};
		CE8F3D86266A4CAF00CC72A8 /* SignApp */ = {
			isa = PBXGroup;
			children = (
				CE8F3D90266A4CB000CC72A8 /* Info.plist */,
				CE8F3DBB266BB26800CC72A8 /* View */,
				CE8F3DBF266BB2DC00CC72A8 /* Common */,
				CE8F3DBD266BB28800CC72A8 /* Object */,
				CE8F3D8D266A4CB000CC72A8 /* Preview Content */,
			);
			path = SignApp;
			sourceTree = "<group>";
		};
		CE8F3D8D266A4CB000CC72A8 /* Preview Content */ = {
			isa = PBXGroup;
			children = (
				CE8F3D8E266A4CB000CC72A8 /* Preview Assets.xcassets */,
			);
			path = "Preview Content";
			sourceTree = "<group>";
		};
		CE8F3DBB266BB26800CC72A8 /* View */ = {
			isa = PBXGroup;
			children = (
				CE8F3D89266A4CAF00CC72A8 /* SingInView.swift */,
				CE8F3DB0266BA0B900CC72A8 /* RootView.swift */,
				CE8F3DB4266BA41300CC72A8 /* MainView.swift */,
				CE8F3DB8266BACBF00CC72A8 /* HomeView.swift */,
			);
			path = View;
			sourceTree = "<group>";
		};
		CE8F3DBD266BB28800CC72A8 /* Object */ = {
			isa = PBXGroup;
			children = (
				CE8F3DAA266B8FF600CC72A8 /* UserObject.swift */,
			);
			path = Object;
			sourceTree = "<group>";
		};
		CE8F3DBF266BB2DC00CC72A8 /* Common */ = {
			isa = PBXGroup;
			children = (
				CE8F3D87266A4CAF00CC72A8 /* SignAppApp.swift */,
				CE8F3DAD266B9C5200CC72A8 /* Launch Screen.storyboard */,
				CE8F3D8B266A4CB000CC72A8 /* Assets.xcassets */,
			);
			path = Common;
			sourceTree = "<group>";
		};
/* End PBXGroup section */

/* Begin PBXNativeTarget section */
		CE8F3D83266A4CAF00CC72A8 /* SignApp */ = {
			isa = PBXNativeTarget;
			buildConfigurationList = CE8F3D93266A4CB000CC72A8 /* Build configuration list for PBXNativeTarget "SignApp" */;
			buildPhases = (
				EBB1A83111D6510444EFAC39 /* [CP] Check Pods Manifest.lock */,
				CE8F3D80266A4CAF00CC72A8 /* Sources */,
				CE8F3D81266A4CAF00CC72A8 /* Frameworks */,
				CE8F3D82266A4CAF00CC72A8 /* Resources */,
				288790EE0B57E61E29F27516 /* [CP] Embed Pods Frameworks */,
			);
			buildRules = (
			);
			dependencies = (
			);
			name = SignApp;
			packageProductDependencies = (
				CE8F3D9E266B65A000CC72A8 /* SwiftyJSON */,
			);
			productName = SignApp;
			productReference = CE8F3D84266A4CAF00CC72A8 /* SignApp.app */;
			productType = "com.apple.product-type.application";
		};
/* End PBXNativeTarget section */

/* Begin PBXProject section */
		CE8F3D7C266A4CAF00CC72A8 /* Project object */ = {
			isa = PBXProject;
			attributes = {
				LastSwiftUpdateCheck = 1240;
				LastUpgradeCheck = 1240;
				TargetAttributes = {
					CE8F3D83266A4CAF00CC72A8 = {
						CreatedOnToolsVersion = 12.4;
					};
				};
			};
			buildConfigurationList = CE8F3D7F266A4CAF00CC72A8 /* Build configuration list for PBXProject "SignApp" */;
			compatibilityVersion = "Xcode 9.3";
			developmentRegion = en;
			hasScannedForEncodings = 0;
			knownRegions = (
				en,
				Base,
			);
			mainGroup = CE8F3D7B266A4CAF00CC72A8;
			packageReferences = (
				CE8F3D9D266B659F00CC72A8 /* XCRemoteSwiftPackageReference "SwiftyJSON" */,
			);
			productRefGroup = CE8F3D85266A4CAF00CC72A8 /* Products */;
			projectDirPath = "";
			projectRoot = "";
			targets = (
				CE8F3D83266A4CAF00CC72A8 /* SignApp */,
			);
		};
/* End PBXProject section */

/* Begin PBXResourcesBuildPhase section */
		CE8F3D82266A4CAF00CC72A8 /* Resources */ = {
			isa = PBXResourcesBuildPhase;
			buildActionMask = 2147483647;
			files = (
				CE8F3DAE266B9C5200CC72A8 /* Launch Screen.storyboard in Resources */,
				CE8F3D8F266A4CB000CC72A8 /* Preview Assets.xcassets in Resources */,
				CE8F3D8C266A4CB000CC72A8 /* Assets.xcassets in Resources */,
			);
			runOnlyForDeploymentPostprocessing = 0;
		};
/* End PBXResourcesBuildPhase section */

/* Begin PBXShellScriptBuildPhase section */
		288790EE0B57E61E29F27516 /* [CP] Embed Pods Frameworks */ = {
			isa = PBXShellScriptBuildPhase;
			buildActionMask = 2147483647;
			files = (
			);
			inputFileListPaths = (
				"${PODS_ROOT}/Target Support Files/Pods-SignApp/Pods-SignApp-frameworks-${CONFIGURATION}-input-files.xcfilelist",
			);
			name = "[CP] Embed Pods Frameworks";
			outputFileListPaths = (
				"${PODS_ROOT}/Target Support Files/Pods-SignApp/Pods-SignApp-frameworks-${CONFIGURATION}-output-files.xcfilelist",
			);
			runOnlyForDeploymentPostprocessing = 0;
			shellPath = /bin/sh;
			shellScript = "\"${PODS_ROOT}/Target Support Files/Pods-SignApp/Pods-SignApp-frameworks.sh\"\n";
			showEnvVarsInLog = 0;
		};
		EBB1A83111D6510444EFAC39 /* [CP] Check Pods Manifest.lock */ = {
			isa = PBXShellScriptBuildPhase;
			buildActionMask = 2147483647;
			files = (
			);
			inputFileListPaths = (
			);
			inputPaths = (
				"${PODS_PODFILE_DIR_PATH}/Podfile.lock",
				"${PODS_ROOT}/Manifest.lock",
			);
			name = "[CP] Check Pods Manifest.lock";
			outputFileListPaths = (
			);
			outputPaths = (
				"$(DERIVED_FILE_DIR)/Pods-SignApp-checkManifestLockResult.txt",
			);
			runOnlyForDeploymentPostprocessing = 0;
			shellPath = /bin/sh;
			shellScript = "diff \"${PODS_PODFILE_DIR_PATH}/Podfile.lock\" \"${PODS_ROOT}/Manifest.lock\" > /dev/null\nif [ $? != 0 ] ; then\n    # print error to STDERR\n    echo \"error: The sandbox is not in sync with the Podfile.lock. Run 'pod install' or update your CocoaPods installation.\" >&2\n    exit 1\nfi\n# This output is used by Xcode 'outputs' to avoid re-running this script phase.\necho \"SUCCESS\" > \"${SCRIPT_OUTPUT_FILE_0}\"\n";
			showEnvVarsInLog = 0;
		};
/* End PBXShellScriptBuildPhase section */

/* Begin PBXSourcesBuildPhase section */
		CE8F3D80266A4CAF00CC72A8 /* Sources */ = {
			isa = PBXSourcesBuildPhase;
			buildActionMask = 2147483647;
			files = (
				CE8F3DB1266BA0B900CC72A8 /* RootView.swift in Sources */,
				CE8F3D8A266A4CAF00CC72A8 /* SingInView.swift in Sources */,
				CE8F3D88266A4CAF00CC72A8 /* SignAppApp.swift in Sources */,
				CE8F3DB9266BACBF00CC72A8 /* HomeView.swift in Sources */,
				CE8F3DB5266BA41300CC72A8 /* MainView.swift in Sources */,
				CE8F3DAB266B8FF600CC72A8 /* UserObject.swift in Sources */,
			);
			runOnlyForDeploymentPostprocessing = 0;
		};
/* End PBXSourcesBuildPhase section */

/* Begin XCBuildConfiguration section */
		CE8F3D91266A4CB000CC72A8 /* Debug */ = {
			isa = XCBuildConfiguration;
			buildSettings = {
				ALWAYS_SEARCH_USER_PATHS = NO;
				CLANG_ANALYZER_NONNULL = YES;
				CLANG_ANALYZER_NUMBER_OBJECT_CONVERSION = YES_AGGRESSIVE;
				CLANG_CXX_LANGUAGE_STANDARD = "gnu++14";
				CLANG_CXX_LIBRARY = "libc++";
				CLANG_ENABLE_MODULES = YES;
				CLANG_ENABLE_OBJC_ARC = YES;
				CLANG_ENABLE_OBJC_WEAK = YES;
				CLANG_WARN_BLOCK_CAPTURE_AUTORELEASING = YES;
				CLANG_WARN_BOOL_CONVERSION = YES;
				CLANG_WARN_COMMA = YES;
				CLANG_WARN_CONSTANT_CONVERSION = YES;
				CLANG_WARN_DEPRECATED_OBJC_IMPLEMENTATIONS = YES;
				CLANG_WARN_DIRECT_OBJC_ISA_USAGE = YES_ERROR;
				CLANG_WARN_DOCUMENTATION_COMMENTS = YES;
				CLANG_WARN_EMPTY_BODY = YES;
				CLANG_WARN_ENUM_CONVERSION = YES;
				CLANG_WARN_INFINITE_RECURSION = YES;
				CLANG_WARN_INT_CONVERSION = YES;
				CLANG_WARN_NON_LITERAL_NULL_CONVERSION = YES;
				CLANG_WARN_OBJC_IMPLICIT_RETAIN_SELF = YES;
				CLANG_WARN_OBJC_LITERAL_CONVERSION = YES;
				CLANG_WARN_OBJC_ROOT_CLASS = YES_ERROR;
				CLANG_WARN_QUOTED_INCLUDE_IN_FRAMEWORK_HEADER = YES;
				CLANG_WARN_RANGE_LOOP_ANALYSIS = YES;
				CLANG_WARN_STRICT_PROTOTYPES = YES;
				CLANG_WARN_SUSPICIOUS_MOVE = YES;
				CLANG_WARN_UNGUARDED_AVAILABILITY = YES_AGGRESSIVE;
				CLANG_WARN_UNREACHABLE_CODE = YES;
				CLANG_WARN__DUPLICATE_METHOD_MATCH = YES;
				COPY_PHASE_STRIP = NO;
				DEBUG_INFORMATION_FORMAT = dwarf;
				ENABLE_STRICT_OBJC_MSGSEND = YES;
				ENABLE_TESTABILITY = YES;
				GCC_C_LANGUAGE_STANDARD = gnu11;
				GCC_DYNAMIC_NO_PIC = NO;
				GCC_NO_COMMON_BLOCKS = YES;
				GCC_OPTIMIZATION_LEVEL = 0;
				GCC_PREPROCESSOR_DEFINITIONS = (
					"DEBUG=1",
					"$(inherited)",
				);
				GCC_WARN_64_TO_32_BIT_CONVERSION = YES;
				GCC_WARN_ABOUT_RETURN_TYPE = YES_ERROR;
				GCC_WARN_UNDECLARED_SELECTOR = YES;
				GCC_WARN_UNINITIALIZED_AUTOS = YES_AGGRESSIVE;
				GCC_WARN_UNUSED_FUNCTION = YES;
				GCC_WARN_UNUSED_VARIABLE = YES;
				IPHONEOS_DEPLOYMENT_TARGET = 14.4;
				MTL_ENABLE_DEBUG_INFO = INCLUDE_SOURCE;
				MTL_FAST_MATH = YES;
				ONLY_ACTIVE_ARCH = YES;
				SDKROOT = iphoneos;
				SWIFT_ACTIVE_COMPILATION_CONDITIONS = DEBUG;
				SWIFT_OPTIMIZATION_LEVEL = "-Onone";
			};
			name = Debug;
		};
		CE8F3D92266A4CB000CC72A8 /* Release */ = {
			isa = XCBuildConfiguration;
			buildSettings = {
				ALWAYS_SEARCH_USER_PATHS = NO;
				CLANG_ANALYZER_NONNULL = YES;
				CLANG_ANALYZER_NUMBER_OBJECT_CONVERSION = YES_AGGRESSIVE;
				CLANG_CXX_LANGUAGE_STANDARD = "gnu++14";
				CLANG_CXX_LIBRARY = "libc++";
				CLANG_ENABLE_MODULES = YES;
				CLANG_ENABLE_OBJC_ARC = YES;
				CLANG_ENABLE_OBJC_WEAK = YES;
				CLANG_WARN_BLOCK_CAPTURE_AUTORELEASING = YES;
				CLANG_WARN_BOOL_CONVERSION = YES;
				CLANG_WARN_COMMA = YES;
				CLANG_WARN_CONSTANT_CONVERSION = YES;
				CLANG_WARN_DEPRECATED_OBJC_IMPLEMENTATIONS = YES;
				CLANG_WARN_DIRECT_OBJC_ISA_USAGE = YES_ERROR;
				CLANG_WARN_DOCUMENTATION_COMMENTS = YES;
				CLANG_WARN_EMPTY_BODY = YES;
				CLANG_WARN_ENUM_CONVERSION = YES;
				CLANG_WARN_INFINITE_RECURSION = YES;
				CLANG_WARN_INT_CONVERSION = YES;
				CLANG_WARN_NON_LITERAL_NULL_CONVERSION = YES;
				CLANG_WARN_OBJC_IMPLICIT_RETAIN_SELF = YES;
				CLANG_WARN_OBJC_LITERAL_CONVERSION = YES;
				CLANG_WARN_OBJC_ROOT_CLASS = YES_ERROR;
				CLANG_WARN_QUOTED_INCLUDE_IN_FRAMEWORK_HEADER = YES;
				CLANG_WARN_RANGE_LOOP_ANALYSIS = YES;
				CLANG_WARN_STRICT_PROTOTYPES = YES;
				CLANG_WARN_SUSPICIOUS_MOVE = YES;
				CLANG_WARN_UNGUARDED_AVAILABILITY = YES_AGGRESSIVE;
				CLANG_WARN_UNREACHABLE_CODE = YES;
				CLANG_WARN__DUPLICATE_METHOD_MATCH = YES;
				COPY_PHASE_STRIP = NO;
				DEBUG_INFORMATION_FORMAT = "dwarf-with-dsym";
				ENABLE_NS_ASSERTIONS = NO;
				ENABLE_STRICT_OBJC_MSGSEND = YES;
				GCC_C_LANGUAGE_STANDARD = gnu11;
				GCC_NO_COMMON_BLOCKS = YES;
				GCC_WARN_64_TO_32_BIT_CONVERSION = YES;
				GCC_WARN_ABOUT_RETURN_TYPE = YES_ERROR;
				GCC_WARN_UNDECLARED_SELECTOR = YES;
				GCC_WARN_UNINITIALIZED_AUTOS = YES_AGGRESSIVE;
				GCC_WARN_UNUSED_FUNCTION = YES;
				GCC_WARN_UNUSED_VARIABLE = YES;
				IPHONEOS_DEPLOYMENT_TARGET = 14.4;
				MTL_ENABLE_DEBUG_INFO = NO;
				MTL_FAST_MATH = YES;
				SDKROOT = iphoneos;
				SWIFT_COMPILATION_MODE = wholemodule;
				SWIFT_OPTIMIZATION_LEVEL = "-O";
				VALIDATE_PRODUCT = YES;
			};
			name = Release;
		};
		CE8F3D94266A4CB000CC72A8 /* Debug */ = {
			isa = XCBuildConfiguration;
			baseConfigurationReference = 84E57F71721BF8F27A201132 /* Pods-SignApp.debug.xcconfig */;
			buildSettings = {
				ASSETCATALOG_COMPILER_APPICON_NAME = AppIcon;
				ASSETCATALOG_COMPILER_GLOBAL_ACCENT_COLOR_NAME = AccentColor;
				CODE_SIGN_STYLE = Automatic;
				DEVELOPMENT_ASSET_PATHS = "\"SignApp/Preview Content\"";
				ENABLE_PREVIEWS = YES;
				INFOPLIST_FILE = SignApp/Info.plist;
				IPHONEOS_DEPLOYMENT_TARGET = 14.0;
				LD_RUNPATH_SEARCH_PATHS = (
					"$(inherited)",
					"@executable_path/Frameworks",
				);
				PRODUCT_BUNDLE_IDENTIFIER = ru.lezhnev.SignApp;
				PRODUCT_NAME = "$(TARGET_NAME)";
				SWIFT_VERSION = 5.0;
				TARGETED_DEVICE_FAMILY = "1,2";
			};
			name = Debug;
		};
		CE8F3D95266A4CB000CC72A8 /* Release */ = {
			isa = XCBuildConfiguration;
			baseConfigurationReference = A8A4A0AE90B07A80FD937C8A /* Pods-SignApp.release.xcconfig */;
			buildSettings = {
				ASSETCATALOG_COMPILER_APPICON_NAME = AppIcon;
				ASSETCATALOG_COMPILER_GLOBAL_ACCENT_COLOR_NAME = AccentColor;
				CODE_SIGN_STYLE = Automatic;
				DEVELOPMENT_ASSET_PATHS = "\"SignApp/Preview Content\"";
				ENABLE_PREVIEWS = YES;
				INFOPLIST_FILE = SignApp/Info.plist;
				IPHONEOS_DEPLOYMENT_TARGET = 14.0;
				LD_RUNPATH_SEARCH_PATHS = (
					"$(inherited)",
					"@executable_path/Frameworks",
				);
				PRODUCT_BUNDLE_IDENTIFIER = ru.lezhnev.SignApp;
				PRODUCT_NAME = "$(TARGET_NAME)";
				SWIFT_VERSION = 5.0;
				TARGETED_DEVICE_FAMILY = "1,2";
			};
			name = Release;
		};
/* End XCBuildConfiguration section */

/* Begin XCConfigurationList section */
		CE8F3D7F266A4CAF00CC72A8 /* Build configuration list for PBXProject "SignApp" */ = {
			isa = XCConfigurationList;
			buildConfigurations = (
				CE8F3D91266A4CB000CC72A8 /* Debug */,
				CE8F3D92266A4CB000CC72A8 /* Release */,
			);
			defaultConfigurationIsVisible = 0;
			defaultConfigurationName = Release;
		};
		CE8F3D93266A4CB000CC72A8 /* Build configuration list for PBXNativeTarget "SignApp" */ = {
			isa = XCConfigurationList;
			buildConfigurations = (
				CE8F3D94266A4CB000CC72A8 /* Debug */,
				CE8F3D95266A4CB000CC72A8 /* Release */,
			);
			defaultConfigurationIsVisible = 0;
			defaultConfigurationName = Release;
		};
/* End XCConfigurationList section */

/* Begin XCRemoteSwiftPackageReference section */
		CE8F3D9D266B659F00CC72A8 /* XCRemoteSwiftPackageReference "SwiftyJSON" */ = {
			isa = XCRemoteSwiftPackageReference;
			repositoryURL = "https://github.com/SwiftyJSON/SwiftyJSON.git";
			requirement = {
				kind = upToNextMajorVersion;
				minimumVersion = 5.0.1;
			};
		};
/* End XCRemoteSwiftPackageReference section */

/* Begin XCSwiftPackageProductDependency section */
		CE8F3D9E266B65A000CC72A8 /* SwiftyJSON */ = {
			isa = XCSwiftPackageProductDependency;
			package = CE8F3D9D266B659F00CC72A8 /* XCRemoteSwiftPackageReference "SwiftyJSON" */;
			productName = SwiftyJSON;
		};
/* End XCSwiftPackageProductDependency section */
	};
	rootObject = CE8F3D7C266A4CAF00CC72A8 /* Project object */;
}
